// !$*UTF8*$!
{
	archiveVersion = 1;
	classes = {
	};
	objectVersion = 46;
	objects = {

/* Begin PBXBuildFile section */
		7811EA971BCB56DE00547678 /* MutiThred.m in Sources */ = {isa = PBXBuildFile; fileRef = 7811EA961BCB56DE00547678 /* MutiThred.m */; };
		7885B0681C157CF500995F3A /* Example.cpp in Sources */ = {isa = PBXBuildFile; fileRef = 7885B0661C157CF500995F3A /* Example.cpp */; };
		78864A7E1D52DD63009CE26D /* main.cpp in Sources */ = {isa = PBXBuildFile; fileRef = 78864A7D1D52DD63009CE26D /* main.cpp */; };
		78864A851D52DDFF009CE26D /* CombineArr.cpp in Sources */ = {isa = PBXBuildFile; fileRef = 78864A841D52DDFF009CE26D /* CombineArr.cpp */; };
		789832891CC624A2004C2826 /* main.m in Sources */ = {isa = PBXBuildFile; fileRef = 789832881CC624A2004C2826 /* main.m */; };
		789832901CC6250C004C2826 /* Person.m in Sources */ = {isa = PBXBuildFile; fileRef = 7898328F1CC6250C004C2826 /* Person.m */; };
		789832931CC6262E004C2826 /* Car.m in Sources */ = {isa = PBXBuildFile; fileRef = 789832921CC6262E004C2826 /* Car.m */; };
		789832961CC6269D004C2826 /* Male.m in Sources */ = {isa = PBXBuildFile; fileRef = 789832951CC6269D004C2826 /* Male.m */; };
		78C02D751C15271C009E18B9 /* main.cpp in Sources */ = {isa = PBXBuildFile; fileRef = 78C02D741C15271C009E18B9 /* main.cpp */; };
		78D0706A1BFEE9A000086769 /* Person.m in Sources */ = {isa = PBXBuildFile; fileRef = 78D070691BFEE9A000086769 /* Person.m */; };
		78D0706D1BFEE9AC00086769 /* Room.m in Sources */ = {isa = PBXBuildFile; fileRef = 78D0706C1BFEE9AC00086769 /* Room.m */; };
		78D070701BFEE9B700086769 /* Car.m in Sources */ = {isa = PBXBuildFile; fileRef = 78D0706F1BFEE9B700086769 /* Car.m */; };
		78D070731BFEE9D800086769 /* Dog.m in Sources */ = {isa = PBXBuildFile; fileRef = 78D070721BFEE9D800086769 /* Dog.m */; };
		78DA44711D5437B20022D623 /* InvertInteger.cpp in Sources */ = {isa = PBXBuildFile; fileRef = 78DA446F1D5437B20022D623 /* InvertInteger.cpp */; };
		78E4FD641C113BAF0096C5F5 /* Plugins.m in Sources */ = {isa = PBXBuildFile; fileRef = 78E4FD631C113BAF0096C5F5 /* Plugins.m */; };
		78EDC1701CD0A014000E1236 /* SubStringToIndex.m in Sources */ = {isa = PBXBuildFile; fileRef = 78EDC16F1CD0A014000E1236 /* SubStringToIndex.m */; };
		78EDC1941CD0BFB7000E1236 /* TimeZone.m in Sources */ = {isa = PBXBuildFile; fileRef = 78EDC1931CD0BFB7000E1236 /* TimeZone.m */; };
		78EE10DB1B05F8B9005D188F /* main.m in Sources */ = {isa = PBXBuildFile; fileRef = 78EE10DA1B05F8B9005D188F /* main.m */; };
		78F8E4FB1CD3382100C24536 /* main.swift in Sources */ = {isa = PBXBuildFile; fileRef = 78F8E4FA1CD3382100C24536 /* main.swift */; };
		78F8E5011CD3384E00C24536 /* UserModel.swift in Sources */ = {isa = PBXBuildFile; fileRef = 78F8E5001CD3384E00C24536 /* UserModel.swift */; };
		78F8E5031CD339C300C24536 /* Person.swift in Sources */ = {isa = PBXBuildFile; fileRef = 78F8E5021CD339C300C24536 /* Person.swift */; };
/* End PBXBuildFile section */

/* Begin PBXCopyFilesBuildPhase section */
		7829AF8F1D0119C900B1B538 /* CopyFiles */ = {
			isa = PBXCopyFilesBuildPhase;
			buildActionMask = 2147483647;
			dstPath = /usr/share/man/man1/;
			dstSubfolderSpec = 0;
			files = (
			);
			runOnlyForDeploymentPostprocessing = 1;
		};
		7829AF9A1D0119F200B1B538 /* CopyFiles */ = {
			isa = PBXCopyFilesBuildPhase;
			buildActionMask = 2147483647;
			dstPath = /usr/share/man/man1/;
			dstSubfolderSpec = 0;
			files = (
			);
			runOnlyForDeploymentPostprocessing = 1;
		};
		78864A791D52DD63009CE26D /* CopyFiles */ = {
			isa = PBXCopyFilesBuildPhase;
			buildActionMask = 2147483647;
			dstPath = /usr/share/man/man1/;
			dstSubfolderSpec = 0;
			files = (
			);
			runOnlyForDeploymentPostprocessing = 1;
		};
		789832841CC624A2004C2826 /* CopyFiles */ = {
			isa = PBXCopyFilesBuildPhase;
			buildActionMask = 2147483647;
			dstPath = /usr/share/man/man1/;
			dstSubfolderSpec = 0;
			files = (
			);
			runOnlyForDeploymentPostprocessing = 1;
		};
		78C02D701C15271C009E18B9 /* CopyFiles */ = {
			isa = PBXCopyFilesBuildPhase;
			buildActionMask = 2147483647;
			dstPath = /usr/share/man/man1/;
			dstSubfolderSpec = 0;
			files = (
			);
			runOnlyForDeploymentPostprocessing = 1;
		};
		78EE10D51B05F8B9005D188F /* CopyFiles */ = {
			isa = PBXCopyFilesBuildPhase;
			buildActionMask = 2147483647;
			dstPath = /usr/share/man/man1/;
			dstSubfolderSpec = 0;
			files = (
			);
			runOnlyForDeploymentPostprocessing = 1;
		};
		78F8E4F61CD3382100C24536 /* CopyFiles */ = {
			isa = PBXCopyFilesBuildPhase;
			buildActionMask = 2147483647;
			dstPath = /usr/share/man/man1/;
			dstSubfolderSpec = 0;
			files = (
			);
			runOnlyForDeploymentPostprocessing = 1;
		};
/* End PBXCopyFilesBuildPhase section */

/* Begin PBXFileReference section */
		7811EA951BCB56DE00547678 /* MutiThred.h */ = {isa = PBXFileReference; fileEncoding = 4; lastKnownFileType = sourcecode.c.h; path = MutiThred.h; sourceTree = "<group>"; };
		7811EA961BCB56DE00547678 /* MutiThred.m */ = {isa = PBXFileReference; fileEncoding = 4; lastKnownFileType = sourcecode.c.objc; path = MutiThred.m; sourceTree = "<group>"; };
		7829AF911D0119C900B1B538 /* 非ARC开发 */ = {isa = PBXFileReference; explicitFileType = "compiled.mach-o.executable"; includeInIndex = 0; path = "非ARC开发"; sourceTree = BUILT_PRODUCTS_DIR; };
		7829AF9C1D0119F200B1B538 /* MRC */ = {isa = PBXFileReference; explicitFileType = "compiled.mach-o.executable"; includeInIndex = 0; path = MRC; sourceTree = BUILT_PRODUCTS_DIR; };
		7885B0661C157CF500995F3A /* Example.cpp */ = {isa = PBXFileReference; fileEncoding = 4; lastKnownFileType = sourcecode.cpp.cpp; path = Example.cpp; sourceTree = "<group>"; };
		7885B0671C157CF500995F3A /* Example.hpp */ = {isa = PBXFileReference; fileEncoding = 4; lastKnownFileType = sourcecode.cpp.h; path = Example.hpp; sourceTree = "<group>"; };
		78864A7B1D52DD63009CE26D /* 算法题 */ = {isa = PBXFileReference; explicitFileType = "compiled.mach-o.executable"; includeInIndex = 0; path = "算法题"; sourceTree = BUILT_PRODUCTS_DIR; };
		78864A7D1D52DD63009CE26D /* main.cpp */ = {isa = PBXFileReference; lastKnownFileType = sourcecode.cpp.cpp; path = main.cpp; sourceTree = "<group>"; };
		78864A841D52DDFF009CE26D /* CombineArr.cpp */ = {isa = PBXFileReference; fileEncoding = 4; lastKnownFileType = sourcecode.cpp.cpp; path = CombineArr.cpp; sourceTree = "<group>"; };
		78864A861D52DE1E009CE26D /* CombineArr.h */ = {isa = PBXFileReference; fileEncoding = 4; lastKnownFileType = sourcecode.c.h; path = CombineArr.h; sourceTree = "<group>"; };
		789832861CC624A2004C2826 /* 私有属性 */ = {isa = PBXFileReference; explicitFileType = "compiled.mach-o.executable"; includeInIndex = 0; path = "私有属性"; sourceTree = BUILT_PRODUCTS_DIR; };
		789832881CC624A2004C2826 /* main.m */ = {isa = PBXFileReference; lastKnownFileType = sourcecode.c.objc; path = main.m; sourceTree = "<group>"; };
		7898328E1CC6250C004C2826 /* Person.h */ = {isa = PBXFileReference; fileEncoding = 4; lastKnownFileType = sourcecode.c.h; path = Person.h; sourceTree = "<group>"; };
		7898328F1CC6250C004C2826 /* Person.m */ = {isa = PBXFileReference; fileEncoding = 4; lastKnownFileType = sourcecode.c.objc; path = Person.m; sourceTree = "<group>"; };
		789832911CC6262E004C2826 /* Car.h */ = {isa = PBXFileReference; fileEncoding = 4; lastKnownFileType = sourcecode.c.h; path = Car.h; sourceTree = "<group>"; };
		789832921CC6262E004C2826 /* Car.m */ = {isa = PBXFileReference; fileEncoding = 4; lastKnownFileType = sourcecode.c.objc; path = Car.m; sourceTree = "<group>"; };
		789832941CC6269D004C2826 /* Male.h */ = {isa = PBXFileReference; fileEncoding = 4; lastKnownFileType = sourcecode.c.h; path = Male.h; sourceTree = "<group>"; };
		789832951CC6269D004C2826 /* Male.m */ = {isa = PBXFileReference; fileEncoding = 4; lastKnownFileType = sourcecode.c.objc; path = Male.m; sourceTree = "<group>"; };
		78A2A5EA1BCB7E27009D7790 /* SORT.h */ = {isa = PBXFileReference; lastKnownFileType = sourcecode.c.h; path = SORT.h; sourceTree = "<group>"; };
		78A2A5EB1BCB7E27009D7790 /* SORT.m */ = {isa = PBXFileReference; lastKnownFileType = sourcecode.c.objc; path = SORT.m; sourceTree = "<group>"; };
		78A2A5EE1BCB7E27009D7790 /* NSString+GBLength.h */ = {isa = PBXFileReference; lastKnownFileType = sourcecode.c.h; path = "NSString+GBLength.h"; sourceTree = "<group>"; };
		78A2A5EF1BCB7E27009D7790 /* NSString+GBLength.m */ = {isa = PBXFileReference; lastKnownFileType = sourcecode.c.objc; path = "NSString+GBLength.m"; sourceTree = "<group>"; };
		78A2A5F01BCB7E27009D7790 /* NSString+HexStringFromString.h */ = {isa = PBXFileReference; lastKnownFileType = sourcecode.c.h; path = "NSString+HexStringFromString.h"; sourceTree = "<group>"; };
		78A2A5F11BCB7E27009D7790 /* NSString+HexStringFromString.m */ = {isa = PBXFileReference; lastKnownFileType = sourcecode.c.objc; path = "NSString+HexStringFromString.m"; sourceTree = "<group>"; };
		78A2A5F31BCB7E27009D7790 /* FaceExam.h */ = {isa = PBXFileReference; lastKnownFileType = sourcecode.c.h; path = FaceExam.h; sourceTree = "<group>"; };
		78A2A5F41BCB7E27009D7790 /* FaceExam.m */ = {isa = PBXFileReference; lastKnownFileType = sourcecode.c.objc; path = FaceExam.m; sourceTree = "<group>"; };
		78A2A5F71BCB7E27009D7790 /* DateTool.h */ = {isa = PBXFileReference; lastKnownFileType = sourcecode.c.h; path = DateTool.h; sourceTree = "<group>"; };
		78A2A5F81BCB7E27009D7790 /* DateTool.m */ = {isa = PBXFileReference; lastKnownFileType = sourcecode.c.objc; path = DateTool.m; sourceTree = "<group>"; };
		78C02D721C15271C009E18B9 /* 递归算法 */ = {isa = PBXFileReference; explicitFileType = "compiled.mach-o.executable"; includeInIndex = 0; path = "递归算法"; sourceTree = BUILT_PRODUCTS_DIR; };
		78C02D741C15271C009E18B9 /* main.cpp */ = {isa = PBXFileReference; lastKnownFileType = sourcecode.cpp.cpp; path = main.cpp; sourceTree = "<group>"; };
		78C02D7A1C153084009E18B9 /* input.txt */ = {isa = PBXFileReference; lastKnownFileType = text; path = input.txt; sourceTree = "<group>"; };
		78C02D7B1C153084009E18B9 /* output.txt */ = {isa = PBXFileReference; lastKnownFileType = text; path = output.txt; sourceTree = "<group>"; };
		78D070681BFEE9A000086769 /* Person.h */ = {isa = PBXFileReference; fileEncoding = 4; lastKnownFileType = sourcecode.c.h; path = Person.h; sourceTree = "<group>"; };
		78D070691BFEE9A000086769 /* Person.m */ = {isa = PBXFileReference; fileEncoding = 4; lastKnownFileType = sourcecode.c.objc; path = Person.m; sourceTree = "<group>"; };
		78D0706B1BFEE9AC00086769 /* Room.h */ = {isa = PBXFileReference; fileEncoding = 4; lastKnownFileType = sourcecode.c.h; path = Room.h; sourceTree = "<group>"; };
		78D0706C1BFEE9AC00086769 /* Room.m */ = {isa = PBXFileReference; fileEncoding = 4; lastKnownFileType = sourcecode.c.objc; path = Room.m; sourceTree = "<group>"; };
		78D0706E1BFEE9B700086769 /* Car.h */ = {isa = PBXFileReference; fileEncoding = 4; lastKnownFileType = sourcecode.c.h; path = Car.h; sourceTree = "<group>"; };
		78D0706F1BFEE9B700086769 /* Car.m */ = {isa = PBXFileReference; fileEncoding = 4; lastKnownFileType = sourcecode.c.objc; path = Car.m; sourceTree = "<group>"; };
		78D070711BFEE9D800086769 /* Dog.h */ = {isa = PBXFileReference; fileEncoding = 4; lastKnownFileType = sourcecode.c.h; path = Dog.h; sourceTree = "<group>"; };
		78D070721BFEE9D800086769 /* Dog.m */ = {isa = PBXFileReference; fileEncoding = 4; lastKnownFileType = sourcecode.c.objc; path = Dog.m; sourceTree = "<group>"; };
		78D070741BFEEBAB00086769 /* main.h */ = {isa = PBXFileReference; lastKnownFileType = sourcecode.c.h; name = main.h; path = Classes/main.h; sourceTree = "<group>"; };
		78DA446F1D5437B20022D623 /* InvertInteger.cpp */ = {isa = PBXFileReference; fileEncoding = 4; lastKnownFileType = sourcecode.cpp.cpp; path = InvertInteger.cpp; sourceTree = "<group>"; };
		78DA44701D5437B20022D623 /* InvertInteger.hpp */ = {isa = PBXFileReference; fileEncoding = 4; lastKnownFileType = sourcecode.cpp.h; path = InvertInteger.hpp; sourceTree = "<group>"; };
		78E4FD621C113BAF0096C5F5 /* Plugins.h */ = {isa = PBXFileReference; fileEncoding = 4; lastKnownFileType = sourcecode.c.h; path = Plugins.h; sourceTree = "<group>"; };
		78E4FD631C113BAF0096C5F5 /* Plugins.m */ = {isa = PBXFileReference; fileEncoding = 4; lastKnownFileType = sourcecode.c.objc; path = Plugins.m; sourceTree = "<group>"; };
		78EDC16E1CD0A014000E1236 /* SubStringToIndex.h */ = {isa = PBXFileReference; fileEncoding = 4; lastKnownFileType = sourcecode.c.h; path = SubStringToIndex.h; sourceTree = "<group>"; };
		78EDC16F1CD0A014000E1236 /* SubStringToIndex.m */ = {isa = PBXFileReference; fileEncoding = 4; lastKnownFileType = sourcecode.c.objc; path = SubStringToIndex.m; sourceTree = "<group>"; };
		78EDC1921CD0BFB7000E1236 /* TimeZone.h */ = {isa = PBXFileReference; fileEncoding = 4; lastKnownFileType = sourcecode.c.h; path = TimeZone.h; sourceTree = "<group>"; };
		78EDC1931CD0BFB7000E1236 /* TimeZone.m */ = {isa = PBXFileReference; fileEncoding = 4; lastKnownFileType = sourcecode.c.objc; path = TimeZone.m; sourceTree = "<group>"; };
		78EE10D71B05F8B9005D188F /* 测试输出 */ = {isa = PBXFileReference; explicitFileType = "compiled.mach-o.executable"; includeInIndex = 0; path = "测试输出"; sourceTree = BUILT_PRODUCTS_DIR; };
		78EE10DA1B05F8B9005D188F /* main.m */ = {isa = PBXFileReference; lastKnownFileType = sourcecode.c.objc; path = main.m; sourceTree = "<group>"; };
		78F8E4F81CD3382100C24536 /* Swift中的单例 */ = {isa = PBXFileReference; explicitFileType = "compiled.mach-o.executable"; includeInIndex = 0; path = "Swift中的单例"; sourceTree = BUILT_PRODUCTS_DIR; };
		78F8E4FA1CD3382100C24536 /* main.swift */ = {isa = PBXFileReference; lastKnownFileType = sourcecode.swift; path = main.swift; sourceTree = "<group>"; };
		78F8E5001CD3384E00C24536 /* UserModel.swift */ = {isa = PBXFileReference; fileEncoding = 4; lastKnownFileType = sourcecode.swift; path = UserModel.swift; sourceTree = "<group>"; };
		78F8E5021CD339C300C24536 /* Person.swift */ = {isa = PBXFileReference; fileEncoding = 4; lastKnownFileType = sourcecode.swift; path = Person.swift; sourceTree = "<group>"; };
/* End PBXFileReference section */

/* Begin PBXFrameworksBuildPhase section */
		7829AF8E1D0119C900B1B538 /* Frameworks */ = {
			isa = PBXFrameworksBuildPhase;
			buildActionMask = 2147483647;
			files = (
			);
			runOnlyForDeploymentPostprocessing = 0;
		};
		7829AF991D0119F200B1B538 /* Frameworks */ = {
			isa = PBXFrameworksBuildPhase;
			buildActionMask = 2147483647;
			files = (
			);
			runOnlyForDeploymentPostprocessing = 0;
		};
		78864A781D52DD63009CE26D /* Frameworks */ = {
			isa = PBXFrameworksBuildPhase;
			buildActionMask = 2147483647;
			files = (
			);
			runOnlyForDeploymentPostprocessing = 0;
		};
		789832831CC624A2004C2826 /* Frameworks */ = {
			isa = PBXFrameworksBuildPhase;
			buildActionMask = 2147483647;
			files = (
			);
			runOnlyForDeploymentPostprocessing = 0;
		};
		78C02D6F1C15271C009E18B9 /* Frameworks */ = {
			isa = PBXFrameworksBuildPhase;
			buildActionMask = 2147483647;
			files = (
			);
			runOnlyForDeploymentPostprocessing = 0;
		};
		78EE10D41B05F8B9005D188F /* Frameworks */ = {
			isa = PBXFrameworksBuildPhase;
			buildActionMask = 2147483647;
			files = (
			);
			runOnlyForDeploymentPostprocessing = 0;
		};
		78F8E4F51CD3382100C24536 /* Frameworks */ = {
			isa = PBXFrameworksBuildPhase;
			buildActionMask = 2147483647;
			files = (
			);
			runOnlyForDeploymentPostprocessing = 0;
		};
/* End PBXFrameworksBuildPhase section */

/* Begin PBXGroup section */
		7811EA911BCB560400547678 /* 多线程 */ = {
			isa = PBXGroup;
			children = (
				7811EA951BCB56DE00547678 /* MutiThred.h */,
				7811EA961BCB56DE00547678 /* MutiThred.m */,
			);
			path = "多线程";
			sourceTree = "<group>";
		};
		78160B0F1BC8A94B00F39532 /* Classes */ = {
			isa = PBXGroup;
			children = (
				78EDC1911CD0BF8C000E1236 /* NSDate */,
				78E4FD5F1C113B070096C5F5 /* Excel插件 */,
				78D070671BFEE97500086769 /* 普通对象 */,
				78A2A5E91BCB7E27009D7790 /* 排序 */,
				78A2A5EC1BCB7E27009D7790 /* Category */,
				78A2A5F21BCB7E27009D7790 /* FaceExam */,
				78A2A5F51BCB7E27009D7790 /* Tools */,
				7811EA911BCB560400547678 /* 多线程 */,
				78EDC16D1CD0A000000E1236 /* NSString */,
			);
			path = Classes;
			sourceTree = "<group>";
		};
		78864A7C1D52DD63009CE26D /* 算法题 */ = {
			isa = PBXGroup;
			children = (
				78864A821D52DDA5009CE26D /* 两个排序数组合并 */,
				78864A831D52DDA5009CE26D /* 整数反转 */,
				78864A7D1D52DD63009CE26D /* main.cpp */,
			);
			path = "算法题";
			sourceTree = "<group>";
		};
		78864A821D52DDA5009CE26D /* 两个排序数组合并 */ = {
			isa = PBXGroup;
			children = (
				78864A861D52DE1E009CE26D /* CombineArr.h */,
				78864A841D52DDFF009CE26D /* CombineArr.cpp */,
			);
			path = "两个排序数组合并";
			sourceTree = "<group>";
		};
		78864A831D52DDA5009CE26D /* 整数反转 */ = {
			isa = PBXGroup;
			children = (
				78DA44701D5437B20022D623 /* InvertInteger.hpp */,
				78DA446F1D5437B20022D623 /* InvertInteger.cpp */,
			);
			path = "整数反转";
			sourceTree = "<group>";
		};
		789832871CC624A2004C2826 /* 私有属性 */ = {
			isa = PBXGroup;
			children = (
				7898328D1CC624F9004C2826 /* Classes */,
				789832881CC624A2004C2826 /* main.m */,
			);
			path = "私有属性";
			sourceTree = "<group>";
		};
		7898328D1CC624F9004C2826 /* Classes */ = {
			isa = PBXGroup;
			children = (
				7898328E1CC6250C004C2826 /* Person.h */,
				7898328F1CC6250C004C2826 /* Person.m */,
				789832911CC6262E004C2826 /* Car.h */,
				789832921CC6262E004C2826 /* Car.m */,
				789832941CC6269D004C2826 /* Male.h */,
				789832951CC6269D004C2826 /* Male.m */,
			);
			path = Classes;
			sourceTree = "<group>";
		};
		78A2A5E91BCB7E27009D7790 /* 排序 */ = {
			isa = PBXGroup;
			children = (
				78A2A5EA1BCB7E27009D7790 /* SORT.h */,
				78A2A5EB1BCB7E27009D7790 /* SORT.m */,
			);
			path = "排序";
			sourceTree = "<group>";
		};
		78A2A5EC1BCB7E27009D7790 /* Category */ = {
			isa = PBXGroup;
			children = (
				78A2A5ED1BCB7E27009D7790 /* NSString */,
			);
			path = Category;
			sourceTree = "<group>";
		};
		78A2A5ED1BCB7E27009D7790 /* NSString */ = {
			isa = PBXGroup;
			children = (
				78A2A5EE1BCB7E27009D7790 /* NSString+GBLength.h */,
				78A2A5EF1BCB7E27009D7790 /* NSString+GBLength.m */,
				78A2A5F01BCB7E27009D7790 /* NSString+HexStringFromString.h */,
				78A2A5F11BCB7E27009D7790 /* NSString+HexStringFromString.m */,
			);
			path = NSString;
			sourceTree = "<group>";
		};
		78A2A5F21BCB7E27009D7790 /* FaceExam */ = {
			isa = PBXGroup;
			children = (
				78A2A5F31BCB7E27009D7790 /* FaceExam.h */,
				78A2A5F41BCB7E27009D7790 /* FaceExam.m */,
			);
			path = FaceExam;
			sourceTree = "<group>";
		};
		78A2A5F51BCB7E27009D7790 /* Tools */ = {
			isa = PBXGroup;
			children = (
				78A2A5F61BCB7E27009D7790 /* DateTool【输出日期】 */,
			);
			path = Tools;
			sourceTree = "<group>";
		};
		78A2A5F61BCB7E27009D7790 /* DateTool【输出日期】 */ = {
			isa = PBXGroup;
			children = (
				78A2A5F71BCB7E27009D7790 /* DateTool.h */,
				78A2A5F81BCB7E27009D7790 /* DateTool.m */,
			);
			path = "DateTool【输出日期】";
			sourceTree = "<group>";
		};
		78C02D731C15271C009E18B9 /* 递归算法 */ = {
			isa = PBXGroup;
			children = (
				78C02D791C153084009E18B9 /* 输入输出 */,
				7885B0671C157CF500995F3A /* Example.hpp */,
				7885B0661C157CF500995F3A /* Example.cpp */,
				78C02D741C15271C009E18B9 /* main.cpp */,
			);
			path = "递归算法";
			sourceTree = "<group>";
		};
		78C02D791C153084009E18B9 /* 输入输出 */ = {
			isa = PBXGroup;
			children = (
				78C02D7A1C153084009E18B9 /* input.txt */,
				78C02D7B1C153084009E18B9 /* output.txt */,
			);
			path = "输入输出";
			sourceTree = "<group>";
		};
		78D070671BFEE97500086769 /* 普通对象 */ = {
			isa = PBXGroup;
			children = (
				78D070681BFEE9A000086769 /* Person.h */,
				78D070691BFEE9A000086769 /* Person.m */,
				78D0706B1BFEE9AC00086769 /* Room.h */,
				78D0706C1BFEE9AC00086769 /* Room.m */,
				78D0706E1BFEE9B700086769 /* Car.h */,
				78D0706F1BFEE9B700086769 /* Car.m */,
				78D070711BFEE9D800086769 /* Dog.h */,
				78D070721BFEE9D800086769 /* Dog.m */,
			);
			path = "普通对象";
			sourceTree = "<group>";
		};
		78E4FD5F1C113B070096C5F5 /* Excel插件 */ = {
			isa = PBXGroup;
			children = (
				78E4FD621C113BAF0096C5F5 /* Plugins.h */,
				78E4FD631C113BAF0096C5F5 /* Plugins.m */,
			);
			path = "Excel插件";
			sourceTree = "<group>";
		};
		78EDC16D1CD0A000000E1236 /* NSString */ = {
			isa = PBXGroup;
			children = (
				78EDC16E1CD0A014000E1236 /* SubStringToIndex.h */,
				78EDC16F1CD0A014000E1236 /* SubStringToIndex.m */,
			);
			path = NSString;
			sourceTree = "<group>";
		};
		78EDC1911CD0BF8C000E1236 /* NSDate */ = {
			isa = PBXGroup;
			children = (
				78EDC1921CD0BFB7000E1236 /* TimeZone.h */,
				78EDC1931CD0BFB7000E1236 /* TimeZone.m */,
			);
			path = NSDate;
			sourceTree = "<group>";
		};
		78EE10CE1B05F8B9005D188F = {
			isa = PBXGroup;
			children = (
				78EE10D91B05F8B9005D188F /* 测试输出 */,
				78C02D731C15271C009E18B9 /* 递归算法 */,
				789832871CC624A2004C2826 /* 私有属性 */,
				78F8E4F91CD3382100C24536 /* Swift中的单例 */,
				78864A7C1D52DD63009CE26D /* 算法题 */,
				78EE10D81B05F8B9005D188F /* Products */,
			);
			sourceTree = "<group>";
		};
		78EE10D81B05F8B9005D188F /* Products */ = {
			isa = PBXGroup;
			children = (
				78EE10D71B05F8B9005D188F /* 测试输出 */,
				78C02D721C15271C009E18B9 /* 递归算法 */,
				789832861CC624A2004C2826 /* 私有属性 */,
				78F8E4F81CD3382100C24536 /* Swift中的单例 */,
				7829AF911D0119C900B1B538 /* 非ARC开发 */,
				7829AF9C1D0119F200B1B538 /* MRC */,
				78864A7B1D52DD63009CE26D /* 算法题 */,
			);
			name = Products;
			sourceTree = "<group>";
		};
		78EE10D91B05F8B9005D188F /* 测试输出 */ = {
			isa = PBXGroup;
			children = (
				78160B0F1BC8A94B00F39532 /* Classes */,
				78D070741BFEEBAB00086769 /* main.h */,
				78EE10DA1B05F8B9005D188F /* main.m */,
			);
			path = "测试输出";
			sourceTree = "<group>";
		};
		78F8E4F91CD3382100C24536 /* Swift中的单例 */ = {
			isa = PBXGroup;
			children = (
				78F8E4FF1CD3383A00C24536 /* Classes */,
				78F8E4FA1CD3382100C24536 /* main.swift */,
			);
			path = "Swift中的单例";
			sourceTree = "<group>";
		};
		78F8E4FF1CD3383A00C24536 /* Classes */ = {
			isa = PBXGroup;
			children = (
				78F8E5001CD3384E00C24536 /* UserModel.swift */,
				78F8E5021CD339C300C24536 /* Person.swift */,
			);
			path = Classes;
			sourceTree = "<group>";
		};
/* End PBXGroup section */

/* Begin PBXNativeTarget section */
		7829AF901D0119C900B1B538 /* 非ARC开发 */ = {
			isa = PBXNativeTarget;
			buildConfigurationList = 7829AF971D0119C900B1B538 /* Build configuration list for PBXNativeTarget "非ARC开发" */;
			buildPhases = (
				7829AF8D1D0119C900B1B538 /* Sources */,
				7829AF8E1D0119C900B1B538 /* Frameworks */,
				7829AF8F1D0119C900B1B538 /* CopyFiles */,
			);
			buildRules = (
			);
			dependencies = (
			);
			name = "非ARC开发";
			productName = "非ARC开发";
			productReference = 7829AF911D0119C900B1B538 /* 非ARC开发 */;
			productType = "com.apple.product-type.tool";
		};
		7829AF9B1D0119F200B1B538 /* MRC */ = {
			isa = PBXNativeTarget;
			buildConfigurationList = 7829AFA01D0119F200B1B538 /* Build configuration list for PBXNativeTarget "MRC" */;
			buildPhases = (
				7829AF981D0119F200B1B538 /* Sources */,
				7829AF991D0119F200B1B538 /* Frameworks */,
				7829AF9A1D0119F200B1B538 /* CopyFiles */,
			);
			buildRules = (
			);
			dependencies = (
			);
			name = MRC;
			productName = MRC;
			productReference = 7829AF9C1D0119F200B1B538 /* MRC */;
			productType = "com.apple.product-type.tool";
		};
		78864A7A1D52DD63009CE26D /* 算法题 */ = {
			isa = PBXNativeTarget;
			buildConfigurationList = 78864A811D52DD63009CE26D /* Build configuration list for PBXNativeTarget "算法题" */;
			buildPhases = (
				78864A771D52DD63009CE26D /* Sources */,
				78864A781D52DD63009CE26D /* Frameworks */,
				78864A791D52DD63009CE26D /* CopyFiles */,
			);
			buildRules = (
			);
			dependencies = (
			);
			name = "算法题";
			productName = "算法题";
			productReference = 78864A7B1D52DD63009CE26D /* 算法题 */;
			productType = "com.apple.product-type.tool";
		};
		789832851CC624A2004C2826 /* 私有属性 */ = {
			isa = PBXNativeTarget;
			buildConfigurationList = 7898328C1CC624A2004C2826 /* Build configuration list for PBXNativeTarget "私有属性" */;
			buildPhases = (
				789832821CC624A2004C2826 /* Sources */,
				789832831CC624A2004C2826 /* Frameworks */,
				789832841CC624A2004C2826 /* CopyFiles */,
			);
			buildRules = (
			);
			dependencies = (
			);
			name = "私有属性";
			productName = "私有属性";
			productReference = 789832861CC624A2004C2826 /* 私有属性 */;
			productType = "com.apple.product-type.tool";
		};
		78C02D711C15271C009E18B9 /* 递归算法 */ = {
			isa = PBXNativeTarget;
			buildConfigurationList = 78C02D781C15271C009E18B9 /* Build configuration list for PBXNativeTarget "递归算法" */;
			buildPhases = (
				78C02D6E1C15271C009E18B9 /* Sources */,
				78C02D6F1C15271C009E18B9 /* Frameworks */,
				78C02D701C15271C009E18B9 /* CopyFiles */,
			);
			buildRules = (
			);
			dependencies = (
			);
			name = "递归算法";
			productName = "递归算法";
			productReference = 78C02D721C15271C009E18B9 /* 递归算法 */;
			productType = "com.apple.product-type.tool";
		};
		78EE10D61B05F8B9005D188F /* 测试输出 */ = {
			isa = PBXNativeTarget;
			buildConfigurationList = 78EE10DE1B05F8B9005D188F /* Build configuration list for PBXNativeTarget "测试输出" */;
			buildPhases = (
				78EE10D31B05F8B9005D188F /* Sources */,
				78EE10D41B05F8B9005D188F /* Frameworks */,
				78EE10D51B05F8B9005D188F /* CopyFiles */,
			);
			buildRules = (
			);
			dependencies = (
			);
			name = "测试输出";
			productName = "测试输出";
			productReference = 78EE10D71B05F8B9005D188F /* 测试输出 */;
			productType = "com.apple.product-type.tool";
		};
		78F8E4F71CD3382100C24536 /* Swift中的单例 */ = {
			isa = PBXNativeTarget;
			buildConfigurationList = 78F8E4FE1CD3382100C24536 /* Build configuration list for PBXNativeTarget "Swift中的单例" */;
			buildPhases = (
				78F8E4F41CD3382100C24536 /* Sources */,
				78F8E4F51CD3382100C24536 /* Frameworks */,
				78F8E4F61CD3382100C24536 /* CopyFiles */,
			);
			buildRules = (
			);
			dependencies = (
			);
			name = "Swift中的单例";
			productName = "Swift中的单例";
			productReference = 78F8E4F81CD3382100C24536 /* Swift中的单例 */;
			productType = "com.apple.product-type.tool";
		};
/* End PBXNativeTarget section */

/* Begin PBXProject section */
		78EE10CF1B05F8B9005D188F /* Project object */ = {
			isa = PBXProject;
			attributes = {
				LastSwiftUpdateCheck = 0720;
				LastUpgradeCheck = 0700;
				ORGANIZATIONNAME = SaiDicaprio;
				TargetAttributes = {
					7829AF901D0119C900B1B538 = {
						CreatedOnToolsVersion = 7.2;
					};
					7829AF9B1D0119F200B1B538 = {
						CreatedOnToolsVersion = 7.2;
					};
					78864A7A1D52DD63009CE26D = {
						CreatedOnToolsVersion = 7.3.1;
					};
					789832851CC624A2004C2826 = {
						CreatedOnToolsVersion = 7.2;
					};
					78C02D711C15271C009E18B9 = {
						CreatedOnToolsVersion = 7.1;
					};
					78EE10D61B05F8B9005D188F = {
						CreatedOnToolsVersion = 6.3.1;
					};
					78F8E4F71CD3382100C24536 = {
						CreatedOnToolsVersion = 7.2;
					};
				};
			};
			buildConfigurationList = 78EE10D21B05F8B9005D188F /* Build configuration list for PBXProject "测试输出" */;
			compatibilityVersion = "Xcode 3.2";
			developmentRegion = English;
			hasScannedForEncodings = 0;
			knownRegions = (
				en,
			);
			mainGroup = 78EE10CE1B05F8B9005D188F;
			productRefGroup = 78EE10D81B05F8B9005D188F /* Products */;
			projectDirPath = "";
			projectRoot = "";
			targets = (
				78EE10D61B05F8B9005D188F /* 测试输出 */,
				78C02D711C15271C009E18B9 /* 递归算法 */,
				789832851CC624A2004C2826 /* 私有属性 */,
				78F8E4F71CD3382100C24536 /* Swift中的单例 */,
				7829AF901D0119C900B1B538 /* 非ARC开发 */,
				7829AF9B1D0119F200B1B538 /* MRC */,
				78864A7A1D52DD63009CE26D /* 算法题 */,
			);
		};
/* End PBXProject section */

/* Begin PBXSourcesBuildPhase section */
		7829AF8D1D0119C900B1B538 /* Sources */ = {
			isa = PBXSourcesBuildPhase;
			buildActionMask = 2147483647;
			files = (
			);
			runOnlyForDeploymentPostprocessing = 0;
		};
		7829AF981D0119F200B1B538 /* Sources */ = {
			isa = PBXSourcesBuildPhase;
			buildActionMask = 2147483647;
			files = (
			);
			runOnlyForDeploymentPostprocessing = 0;
		};
		78864A771D52DD63009CE26D /* Sources */ = {
			isa = PBXSourcesBuildPhase;
			buildActionMask = 2147483647;
			files = (
				78864A7E1D52DD63009CE26D /* main.cpp in Sources */,
				78DA44711D5437B20022D623 /* InvertInteger.cpp in Sources */,
				78864A851D52DDFF009CE26D /* CombineArr.cpp in Sources */,
			);
			runOnlyForDeploymentPostprocessing = 0;
		};
		789832821CC624A2004C2826 /* Sources */ = {
			isa = PBXSourcesBuildPhase;
			buildActionMask = 2147483647;
			files = (
				789832961CC6269D004C2826 /* Male.m in Sources */,
				789832931CC6262E004C2826 /* Car.m in Sources */,
				789832901CC6250C004C2826 /* Person.m in Sources */,
				789832891CC624A2004C2826 /* main.m in Sources */,
			);
			runOnlyForDeploymentPostprocessing = 0;
		};
		78C02D6E1C15271C009E18B9 /* Sources */ = {
			isa = PBXSourcesBuildPhase;
			buildActionMask = 2147483647;
			files = (
				7885B0681C157CF500995F3A /* Example.cpp in Sources */,
				78C02D751C15271C009E18B9 /* main.cpp in Sources */,
			);
			runOnlyForDeploymentPostprocessing = 0;
		};
		78EE10D31B05F8B9005D188F /* Sources */ = {
			isa = PBXSourcesBuildPhase;
			buildActionMask = 2147483647;
			files = (
				78D070731BFEE9D800086769 /* Dog.m in Sources */,
				78EDC1701CD0A014000E1236 /* SubStringToIndex.m in Sources */,
				78E4FD641C113BAF0096C5F5 /* Plugins.m in Sources */,
				78D070701BFEE9B700086769 /* Car.m in Sources */,
				78D0706A1BFEE9A000086769 /* Person.m in Sources */,
				78EE10DB1B05F8B9005D188F /* main.m in Sources */,
				78EDC1941CD0BFB7000E1236 /* TimeZone.m in Sources */,
				78D0706D1BFEE9AC00086769 /* Room.m in Sources */,
				7811EA971BCB56DE00547678 /* MutiThred.m in Sources */,
			);
			runOnlyForDeploymentPostprocessing = 0;
		};
		78F8E4F41CD3382100C24536 /* Sources */ = {
			isa = PBXSourcesBuildPhase;
			buildActionMask = 2147483647;
			files = (
				78F8E5031CD339C300C24536 /* Person.swift in Sources */,
				78F8E5011CD3384E00C24536 /* UserModel.swift in Sources */,
				78F8E4FB1CD3382100C24536 /* main.swift in Sources */,
			);
			runOnlyForDeploymentPostprocessing = 0;
		};
/* End PBXSourcesBuildPhase section */

/* Begin XCBuildConfiguration section */
		7829AF951D0119C900B1B538 /* Debug */ = {
			isa = XCBuildConfiguration;
			buildSettings = {
				CLANG_ENABLE_OBJC_ARC = YES;
				CODE_SIGN_IDENTITY = "-";
				PRODUCT_NAME = "$(TARGET_NAME)";
				SWIFT_OPTIMIZATION_LEVEL = "-Onone";
			};
			name = Debug;
		};
		7829AF961D0119C900B1B538 /* Release */ = {
			isa = XCBuildConfiguration;
			buildSettings = {
				CLANG_ENABLE_OBJC_ARC = YES;
				CODE_SIGN_IDENTITY = "-";
				PRODUCT_NAME = "$(TARGET_NAME)";
			};
			name = Release;
		};
		7829AFA11D0119F200B1B538 /* Debug */ = {
			isa = XCBuildConfiguration;
			buildSettings = {
				CLANG_ENABLE_OBJC_ARC = YES;
				CODE_SIGN_IDENTITY = "-";
				PRODUCT_NAME = "$(TARGET_NAME)";
			};
			name = Debug;
		};
		7829AFA21D0119F200B1B538 /* Release */ = {
			isa = XCBuildConfiguration;
			buildSettings = {
				CLANG_ENABLE_OBJC_ARC = YES;
				CODE_SIGN_IDENTITY = "-";
				PRODUCT_NAME = "$(TARGET_NAME)";
			};
			name = Release;
		};
		78864A7F1D52DD63009CE26D /* Debug */ = {
			isa = XCBuildConfiguration;
			buildSettings = {
				CLANG_ANALYZER_NONNULL = YES;
				CLANG_ENABLE_OBJC_ARC = YES;
				CODE_SIGN_IDENTITY = "-";
				MACOSX_DEPLOYMENT_TARGET = 10.11;
				PRODUCT_NAME = "$(TARGET_NAME)";
			};
			name = Debug;
		};
		78864A801D52DD63009CE26D /* Release */ = {
			isa = XCBuildConfiguration;
			buildSettings = {
				CLANG_ANALYZER_NONNULL = YES;
				CLANG_ENABLE_OBJC_ARC = YES;
				CODE_SIGN_IDENTITY = "-";
				MACOSX_DEPLOYMENT_TARGET = 10.11;
				PRODUCT_NAME = "$(TARGET_NAME)";
			};
			name = Release;
		};
		7898328A1CC624A2004C2826 /* Debug */ = {
			isa = XCBuildConfiguration;
			buildSettings = {
				CLANG_ENABLE_OBJC_ARC = YES;
				CODE_SIGN_IDENTITY = "-";
				PRODUCT_NAME = "$(TARGET_NAME)";
			};
			name = Debug;
		};
		7898328B1CC624A2004C2826 /* Release */ = {
			isa = XCBuildConfiguration;
			buildSettings = {
				CLANG_ENABLE_OBJC_ARC = YES;
				CODE_SIGN_IDENTITY = "-";
				PRODUCT_NAME = "$(TARGET_NAME)";
			};
			name = Release;
		};
		78C02D761C15271C009E18B9 /* Debug */ = {
			isa = XCBuildConfiguration;
			buildSettings = {
				CLANG_ENABLE_OBJC_ARC = YES;
				CODE_SIGN_IDENTITY = "-";
				PRODUCT_NAME = "$(TARGET_NAME)";
			};
			name = Debug;
		};
		78C02D771C15271C009E18B9 /* Release */ = {
			isa = XCBuildConfiguration;
			buildSettings = {
				CLANG_ENABLE_OBJC_ARC = YES;
				CODE_SIGN_IDENTITY = "-";
				PRODUCT_NAME = "$(TARGET_NAME)";
			};
			name = Release;
		};
		78EE10DC1B05F8B9005D188F /* Debug */ = {
			isa = XCBuildConfiguration;
			buildSettings = {
				ALWAYS_SEARCH_USER_PATHS = NO;
				CLANG_CXX_LANGUAGE_STANDARD = "gnu++0x";
				CLANG_CXX_LIBRARY = "libc++";
				CLANG_ENABLE_MODULES = YES;
				CLANG_ENABLE_OBJC_ARC = NO;
				CLANG_WARN_BOOL_CONVERSION = YES;
				CLANG_WARN_CONSTANT_CONVERSION = YES;
				CLANG_WARN_DIRECT_OBJC_ISA_USAGE = YES_ERROR;
				CLANG_WARN_EMPTY_BODY = YES;
				CLANG_WARN_ENUM_CONVERSION = YES;
				CLANG_WARN_INT_CONVERSION = YES;
				CLANG_WARN_OBJC_ROOT_CLASS = YES_ERROR;
				CLANG_WARN_UNREACHABLE_CODE = YES;
				CLANG_WARN__DUPLICATE_METHOD_MATCH = YES;
				COPY_PHASE_STRIP = NO;
				DEBUG_INFORMATION_FORMAT = dwarf;
				ENABLE_STRICT_OBJC_MSGSEND = YES;
				ENABLE_TESTABILITY = YES;
				GCC_C_LANGUAGE_STANDARD = gnu99;
				GCC_DYNAMIC_NO_PIC = NO;
				GCC_NO_COMMON_BLOCKS = YES;
				GCC_OPTIMIZATION_LEVEL = 0;
				GCC_PREPROCESSOR_DEFINITIONS = (
					"DEBUG=1",
					"$(inherited)",
				);
				GCC_SYMBOLS_PRIVATE_EXTERN = NO;
				GCC_WARN_64_TO_32_BIT_CONVERSION = YES;
				GCC_WARN_ABOUT_RETURN_TYPE = YES_ERROR;
				GCC_WARN_UNDECLARED_SELECTOR = YES;
				GCC_WARN_UNINITIALIZED_AUTOS = YES_AGGRESSIVE;
				GCC_WARN_UNUSED_FUNCTION = YES;
				GCC_WARN_UNUSED_VARIABLE = YES;
				MACOSX_DEPLOYMENT_TARGET = 10.10;
				MTL_ENABLE_DEBUG_INFO = YES;
				ONLY_ACTIVE_ARCH = YES;
				SDKROOT = macosx;
			};
			name = Debug;
		};
		78EE10DD1B05F8B9005D188F /* Release */ = {
			isa = XCBuildConfiguration;
			buildSettings = {
				ALWAYS_SEARCH_USER_PATHS = NO;
				CLANG_CXX_LANGUAGE_STANDARD = "gnu++0x";
				CLANG_CXX_LIBRARY = "libc++";
				CLANG_ENABLE_MODULES = YES;
				CLANG_ENABLE_OBJC_ARC = NO;
				CLANG_WARN_BOOL_CONVERSION = YES;
				CLANG_WARN_CONSTANT_CONVERSION = YES;
				CLANG_WARN_DIRECT_OBJC_ISA_USAGE = YES_ERROR;
				CLANG_WARN_EMPTY_BODY = YES;
				CLANG_WARN_ENUM_CONVERSION = YES;
				CLANG_WARN_INT_CONVERSION = YES;
				CLANG_WARN_OBJC_ROOT_CLASS = YES_ERROR;
				CLANG_WARN_UNREACHABLE_CODE = YES;
				CLANG_WARN__DUPLICATE_METHOD_MATCH = YES;
				COPY_PHASE_STRIP = NO;
				DEBUG_INFORMATION_FORMAT = "dwarf-with-dsym";
				ENABLE_NS_ASSERTIONS = NO;
				ENABLE_STRICT_OBJC_MSGSEND = YES;
				GCC_C_LANGUAGE_STANDARD = gnu99;
				GCC_NO_COMMON_BLOCKS = YES;
				GCC_WARN_64_TO_32_BIT_CONVERSION = YES;
				GCC_WARN_ABOUT_RETURN_TYPE = YES_ERROR;
				GCC_WARN_UNDECLARED_SELECTOR = YES;
				GCC_WARN_UNINITIALIZED_AUTOS = YES_AGGRESSIVE;
				GCC_WARN_UNUSED_FUNCTION = YES;
				GCC_WARN_UNUSED_VARIABLE = YES;
				MACOSX_DEPLOYMENT_TARGET = 10.10;
				MTL_ENABLE_DEBUG_INFO = NO;
				SDKROOT = macosx;
			};
			name = Release;
		};
		78EE10DF1B05F8B9005D188F /* Debug */ = {
			isa = XCBuildConfiguration;
			buildSettings = {
				PRODUCT_NAME = "$(TARGET_NAME)";
			};
			name = Debug;
		};
		78EE10E01B05F8B9005D188F /* Release */ = {
			isa = XCBuildConfiguration;
			buildSettings = {
				PRODUCT_NAME = "$(TARGET_NAME)";
			};
			name = Release;
		};
		78F8E4FC1CD3382100C24536 /* Debug */ = {
			isa = XCBuildConfiguration;
			buildSettings = {
				CLANG_ENABLE_OBJC_ARC = YES;
				CODE_SIGN_IDENTITY = "-";
				PRODUCT_NAME = "$(TARGET_NAME)";
				SWIFT_OPTIMIZATION_LEVEL = "-Onone";
			};
			name = Debug;
		};
		78F8E4FD1CD3382100C24536 /* Release */ = {
			isa = XCBuildConfiguration;
			buildSettings = {
				CLANG_ENABLE_OBJC_ARC = YES;
				CODE_SIGN_IDENTITY = "-";
				PRODUCT_NAME = "$(TARGET_NAME)";
			};
			name = Release;
		};
/* End XCBuildConfiguration section */

/* Begin XCConfigurationList section */
		7829AF971D0119C900B1B538 /* Build configuration list for PBXNativeTarget "非ARC开发" */ = {
			isa = XCConfigurationList;
			buildConfigurations = (
				7829AF951D0119C900B1B538 /* Debug */,
				7829AF961D0119C900B1B538 /* Release */,
			);
			defaultConfigurationIsVisible = 0;
			defaultConfigurationName = Release;
		};
		7829AFA01D0119F200B1B538 /* Build configuration list for PBXNativeTarget "MRC" */ = {
			isa = XCConfigurationList;
			buildConfigurations = (
				7829AFA11D0119F200B1B538 /* Debug */,
				7829AFA21D0119F200B1B538 /* Release */,
			);
			defaultConfigurationIsVisible = 0;
			defaultConfigurationName = Release;
		};
		78864A811D52DD63009CE26D /* Build configuration list for PBXNativeTarget "算法题" */ = {
			isa = XCConfigurationList;
			buildConfigurations = (
				78864A7F1D52DD63009CE26D /* Debug */,
				78864A801D52DD63009CE26D /* Release */,
			);
			defaultConfigurationIsVisible = 0;
			defaultConfigurationName = Release;
		};
		7898328C1CC624A2004C2826 /* Build configuration list for PBXNativeTarget "私有属性" */ = {
			isa = XCConfigurationList;
			buildConfigurations = (
				7898328A1CC624A2004C2826 /* Debug */,
				7898328B1CC624A2004C2826 /* Release */,
			);
			defaultConfigurationIsVisible = 0;
			defaultConfigurationName = Release;
		};
		78C02D781C15271C009E18B9 /* Build configuration list for PBXNativeTarget "递归算法" */ = {
			isa = XCConfigurationList;
			buildConfigurations = (
				78C02D761C15271C009E18B9 /* Debug */,
				78C02D771C15271C009E18B9 /* Release */,
			);
			defaultConfigurationIsVisible = 0;
			defaultConfigurationName = Release;
		};
		78EE10D21B05F8B9005D188F /* Build configuration list for PBXProject "测试输出" */ = {
			isa = XCConfigurationList;
			buildConfigurations = (
				78EE10DC1B05F8B9005D188F /* Debug */,
				78EE10DD1B05F8B9005D188F /* Release */,
			);
			defaultConfigurationIsVisible = 0;
			defaultConfigurationName = Release;
		};
		78EE10DE1B05F8B9005D188F /* Build configuration list for PBXNativeTarget "测试输出" */ = {
			isa = XCConfigurationList;
			buildConfigurations = (
				78EE10DF1B05F8B9005D188F /* Debug */,
				78EE10E01B05F8B9005D188F /* Release */,
			);
			defaultConfigurationIsVisible = 0;
			defaultConfigurationName = Release;
		};
		78F8E4FE1CD3382100C24536 /* Build configuration list for PBXNativeTarget "Swift中的单例" */ = {
			isa = XCConfigurationList;
			buildConfigurations = (
				78F8E4FC1CD3382100C24536 /* Debug */,
				78F8E4FD1CD3382100C24536 /* Release */,
			);
			defaultConfigurationIsVisible = 0;
			defaultConfigurationName = Release;
		};
/* End XCConfigurationList section */
	};
	rootObject = 78EE10CF1B05F8B9005D188F /* Project object */;
}
