// !$*UTF8*$!
{
	archiveVersion = 1;
	classes = {
	};
	objectVersion = 46;
	objects = {

/* Begin PBXBuildFile section */
		7811EA971BCB56DE00547678 /* MutiThred.m in Sources */ = {isa = PBXBuildFile; fileRef = 7811EA961BCB56DE00547678 /* MutiThred.m */; };
		78D0706A1BFEE9A000086769 /* Person.m in Sources */ = {isa = PBXBuildFile; fileRef = 78D070691BFEE9A000086769 /* Person.m */; };
		78D0706D1BFEE9AC00086769 /* Room.m in Sources */ = {isa = PBXBuildFile; fileRef = 78D0706C1BFEE9AC00086769 /* Room.m */; };
		78D070701BFEE9B700086769 /* Car.m in Sources */ = {isa = PBXBuildFile; fileRef = 78D0706F1BFEE9B700086769 /* Car.m */; };
		78D070731BFEE9D800086769 /* Dog.m in Sources */ = {isa = PBXBuildFile; fileRef = 78D070721BFEE9D800086769 /* Dog.m */; };
		78EE10DB1B05F8B9005D188F /* main.m in Sources */ = {isa = PBXBuildFile; fileRef = 78EE10DA1B05F8B9005D188F /* main.m */; };
/* End PBXBuildFile section */

/* Begin PBXCopyFilesBuildPhase section */
		78EE10D51B05F8B9005D188F /* CopyFiles */ = {
			isa = PBXCopyFilesBuildPhase;
			buildActionMask = 2147483647;
			dstPath = /usr/share/man/man1/;
			dstSubfolderSpec = 0;
			files = (
			);
			runOnlyForDeploymentPostprocessing = 1;
		};
/* End PBXCopyFilesBuildPhase section */

/* Begin PBXFileReference section */
		7811EA951BCB56DE00547678 /* MutiThred.h */ = {isa = PBXFileReference; fileEncoding = 4; lastKnownFileType = sourcecode.c.h; path = MutiThred.h; sourceTree = "<group>"; };
		7811EA961BCB56DE00547678 /* MutiThred.m */ = {isa = PBXFileReference; fileEncoding = 4; lastKnownFileType = sourcecode.c.objc; path = MutiThred.m; sourceTree = "<group>"; };
		78A2A5EA1BCB7E27009D7790 /* SORT.h */ = {isa = PBXFileReference; lastKnownFileType = sourcecode.c.h; path = SORT.h; sourceTree = "<group>"; };
		78A2A5EB1BCB7E27009D7790 /* SORT.m */ = {isa = PBXFileReference; lastKnownFileType = sourcecode.c.objc; path = SORT.m; sourceTree = "<group>"; };
		78A2A5EE1BCB7E27009D7790 /* NSString+GBLength.h */ = {isa = PBXFileReference; lastKnownFileType = sourcecode.c.h; path = "NSString+GBLength.h"; sourceTree = "<group>"; };
		78A2A5EF1BCB7E27009D7790 /* NSString+GBLength.m */ = {isa = PBXFileReference; lastKnownFileType = sourcecode.c.objc; path = "NSString+GBLength.m"; sourceTree = "<group>"; };
		78A2A5F01BCB7E27009D7790 /* NSString+HexStringFromString.h */ = {isa = PBXFileReference; lastKnownFileType = sourcecode.c.h; path = "NSString+HexStringFromString.h"; sourceTree = "<group>"; };
		78A2A5F11BCB7E27009D7790 /* NSString+HexStringFromString.m */ = {isa = PBXFileReference; lastKnownFileType = sourcecode.c.objc; path = "NSString+HexStringFromString.m"; sourceTree = "<group>"; };
		78A2A5F31BCB7E27009D7790 /* FaceExam.h */ = {isa = PBXFileReference; lastKnownFileType = sourcecode.c.h; path = FaceExam.h; sourceTree = "<group>"; };
		78A2A5F41BCB7E27009D7790 /* FaceExam.m */ = {isa = PBXFileReference; lastKnownFileType = sourcecode.c.objc; path = FaceExam.m; sourceTree = "<group>"; };
		78A2A5F71BCB7E27009D7790 /* DateTool.h */ = {isa = PBXFileReference; lastKnownFileType = sourcecode.c.h; path = DateTool.h; sourceTree = "<group>"; };
		78A2A5F81BCB7E27009D7790 /* DateTool.m */ = {isa = PBXFileReference; lastKnownFileType = sourcecode.c.objc; path = DateTool.m; sourceTree = "<group>"; };
		78D070681BFEE9A000086769 /* Person.h */ = {isa = PBXFileReference; fileEncoding = 4; lastKnownFileType = sourcecode.c.h; path = Person.h; sourceTree = "<group>"; };
		78D070691BFEE9A000086769 /* Person.m */ = {isa = PBXFileReference; fileEncoding = 4; lastKnownFileType = sourcecode.c.objc; path = Person.m; sourceTree = "<group>"; };
		78D0706B1BFEE9AC00086769 /* Room.h */ = {isa = PBXFileReference; fileEncoding = 4; lastKnownFileType = sourcecode.c.h; path = Room.h; sourceTree = "<group>"; };
		78D0706C1BFEE9AC00086769 /* Room.m */ = {isa = PBXFileReference; fileEncoding = 4; lastKnownFileType = sourcecode.c.objc; path = Room.m; sourceTree = "<group>"; };
		78D0706E1BFEE9B700086769 /* Car.h */ = {isa = PBXFileReference; fileEncoding = 4; lastKnownFileType = sourcecode.c.h; path = Car.h; sourceTree = "<group>"; };
		78D0706F1BFEE9B700086769 /* Car.m */ = {isa = PBXFileReference; fileEncoding = 4; lastKnownFileType = sourcecode.c.objc; path = Car.m; sourceTree = "<group>"; };
		78D070711BFEE9D800086769 /* Dog.h */ = {isa = PBXFileReference; fileEncoding = 4; lastKnownFileType = sourcecode.c.h; path = Dog.h; sourceTree = "<group>"; };
		78D070721BFEE9D800086769 /* Dog.m */ = {isa = PBXFileReference; fileEncoding = 4; lastKnownFileType = sourcecode.c.objc; path = Dog.m; sourceTree = "<group>"; };
		78D070741BFEEBAB00086769 /* main.h */ = {isa = PBXFileReference; lastKnownFileType = sourcecode.c.h; name = main.h; path = Classes/main.h; sourceTree = "<group>"; };
		78EE10D71B05F8B9005D188F /* 测试输出 */ = {isa = PBXFileReference; explicitFileType = "compiled.mach-o.executable"; includeInIndex = 0; path = "测试输出"; sourceTree = BUILT_PRODUCTS_DIR; };
		78EE10DA1B05F8B9005D188F /* main.m */ = {isa = PBXFileReference; lastKnownFileType = sourcecode.c.objc; path = main.m; sourceTree = "<group>"; };
/* End PBXFileReference section */

/* Begin PBXFrameworksBuildPhase section */
		78EE10D41B05F8B9005D188F /* Frameworks */ = {
			isa = PBXFrameworksBuildPhase;
			buildActionMask = 2147483647;
			files = (
			);
			runOnlyForDeploymentPostprocessing = 0;
		};
/* End PBXFrameworksBuildPhase section */

/* Begin PBXGroup section */
		7811EA911BCB560400547678 /* 多线程 */ = {
			isa = PBXGroup;
			children = (
				7811EA951BCB56DE00547678 /* MutiThred.h */,
				7811EA961BCB56DE00547678 /* MutiThred.m */,
			);
			path = "多线程";
			sourceTree = "<group>";
		};
		78160B0F1BC8A94B00F39532 /* Classes */ = {
			isa = PBXGroup;
			children = (
				78D070671BFEE97500086769 /* 普通对象 */,
				78A2A5E91BCB7E27009D7790 /* 排序 */,
				78A2A5EC1BCB7E27009D7790 /* Category */,
				78A2A5F21BCB7E27009D7790 /* FaceExam */,
				78A2A5F51BCB7E27009D7790 /* Tools */,
				7811EA911BCB560400547678 /* 多线程 */,
			);
			path = Classes;
			sourceTree = "<group>";
		};
		78A2A5E91BCB7E27009D7790 /* 排序 */ = {
			isa = PBXGroup;
			children = (
				78A2A5EA1BCB7E27009D7790 /* SORT.h */,
				78A2A5EB1BCB7E27009D7790 /* SORT.m */,
			);
			path = "排序";
			sourceTree = "<group>";
		};
		78A2A5EC1BCB7E27009D7790 /* Category */ = {
			isa = PBXGroup;
			children = (
				78A2A5ED1BCB7E27009D7790 /* NSString */,
			);
			path = Category;
			sourceTree = "<group>";
		};
		78A2A5ED1BCB7E27009D7790 /* NSString */ = {
			isa = PBXGroup;
			children = (
				78A2A5EE1BCB7E27009D7790 /* NSString+GBLength.h */,
				78A2A5EF1BCB7E27009D7790 /* NSString+GBLength.m */,
				78A2A5F01BCB7E27009D7790 /* NSString+HexStringFromString.h */,
				78A2A5F11BCB7E27009D7790 /* NSString+HexStringFromString.m */,
			);
			path = NSString;
			sourceTree = "<group>";
		};
		78A2A5F21BCB7E27009D7790 /* FaceExam */ = {
			isa = PBXGroup;
			children = (
				78A2A5F31BCB7E27009D7790 /* FaceExam.h */,
				78A2A5F41BCB7E27009D7790 /* FaceExam.m */,
			);
			path = FaceExam;
			sourceTree = "<group>";
		};
		78A2A5F51BCB7E27009D7790 /* Tools */ = {
			isa = PBXGroup;
			children = (
				78A2A5F61BCB7E27009D7790 /* DateTool【输出日期】 */,
			);
			path = Tools;
			sourceTree = "<group>";
		};
		78A2A5F61BCB7E27009D7790 /* DateTool【输出日期】 */ = {
			isa = PBXGroup;
			children = (
				78A2A5F71BCB7E27009D7790 /* DateTool.h */,
				78A2A5F81BCB7E27009D7790 /* DateTool.m */,
			);
			path = "DateTool【输出日期】";
			sourceTree = "<group>";
		};
		78D070671BFEE97500086769 /* 普通对象 */ = {
			isa = PBXGroup;
			children = (
				78D070681BFEE9A000086769 /* Person.h */,
				78D070691BFEE9A000086769 /* Person.m */,
				78D0706B1BFEE9AC00086769 /* Room.h */,
				78D0706C1BFEE9AC00086769 /* Room.m */,
				78D0706E1BFEE9B700086769 /* Car.h */,
				78D0706F1BFEE9B700086769 /* Car.m */,
				78D070711BFEE9D800086769 /* Dog.h */,
				78D070721BFEE9D800086769 /* Dog.m */,
			);
			path = "普通对象";
			sourceTree = "<group>";
		};
		78EE10CE1B05F8B9005D188F = {
			isa = PBXGroup;
			children = (
				78EE10D91B05F8B9005D188F /* 测试输出 */,
				78EE10D81B05F8B9005D188F /* Products */,
			);
			sourceTree = "<group>";
		};
		78EE10D81B05F8B9005D188F /* Products */ = {
			isa = PBXGroup;
			children = (
				78EE10D71B05F8B9005D188F /* 测试输出 */,
			);
			name = Products;
			sourceTree = "<group>";
		};
		78EE10D91B05F8B9005D188F /* 测试输出 */ = {
			isa = PBXGroup;
			children = (
				78160B0F1BC8A94B00F39532 /* Classes */,
				78D070741BFEEBAB00086769 /* main.h */,
				78EE10DA1B05F8B9005D188F /* main.m */,
			);
			path = "测试输出";
			sourceTree = "<group>";
		};
/* End PBXGroup section */

/* Begin PBXNativeTarget section */
		78EE10D61B05F8B9005D188F /* 测试输出 */ = {
			isa = PBXNativeTarget;
			buildConfigurationList = 78EE10DE1B05F8B9005D188F /* Build configuration list for PBXNativeTarget "测试输出" */;
			buildPhases = (
				78EE10D31B05F8B9005D188F /* Sources */,
				78EE10D41B05F8B9005D188F /* Frameworks */,
				78EE10D51B05F8B9005D188F /* CopyFiles */,
			);
			buildRules = (
			);
			dependencies = (
			);
			name = "测试输出";
			productName = "测试输出";
			productReference = 78EE10D71B05F8B9005D188F /* 测试输出 */;
			productType = "com.apple.product-type.tool";
		};
/* End PBXNativeTarget section */

/* Begin PBXProject section */
		78EE10CF1B05F8B9005D188F /* Project object */ = {
			isa = PBXProject;
			attributes = {
				LastUpgradeCheck = 0700;
				ORGANIZATIONNAME = SaiDicaprio;
				TargetAttributes = {
					78EE10D61B05F8B9005D188F = {
						CreatedOnToolsVersion = 6.3.1;
					};
				};
			};
			buildConfigurationList = 78EE10D21B05F8B9005D188F /* Build configuration list for PBXProject "测试输出" */;
			compatibilityVersion = "Xcode 3.2";
			developmentRegion = English;
			hasScannedForEncodings = 0;
			knownRegions = (
				en,
			);
			mainGroup = 78EE10CE1B05F8B9005D188F;
			productRefGroup = 78EE10D81B05F8B9005D188F /* Products */;
			projectDirPath = "";
			projectRoot = "";
			targets = (
				78EE10D61B05F8B9005D188F /* 测试输出 */,
			);
		};
/* End PBXProject section */

/* Begin PBXSourcesBuildPhase section */
		78EE10D31B05F8B9005D188F /* Sources */ = {
			isa = PBXSourcesBuildPhase;
			buildActionMask = 2147483647;
			files = (
				78D070731BFEE9D800086769 /* Dog.m in Sources */,
				78D070701BFEE9B700086769 /* Car.m in Sources */,
				78D0706A1BFEE9A000086769 /* Person.m in Sources */,
				78EE10DB1B05F8B9005D188F /* main.m in Sources */,
				78D0706D1BFEE9AC00086769 /* Room.m in Sources */,
				7811EA971BCB56DE00547678 /* MutiThred.m in Sources */,
			);
			runOnlyForDeploymentPostprocessing = 0;
		};
/* End PBXSourcesBuildPhase section */

/* Begin XCBuildConfiguration section */
		78EE10DC1B05F8B9005D188F /* Debug */ = {
			isa = XCBuildConfiguration;
			buildSettings = {
				ALWAYS_SEARCH_USER_PATHS = NO;
				CLANG_CXX_LANGUAGE_STANDARD = "gnu++0x";
				CLANG_CXX_LIBRARY = "libc++";
				CLANG_ENABLE_MODULES = YES;
				CLANG_ENABLE_OBJC_ARC = NO;
				CLANG_WARN_BOOL_CONVERSION = YES;
				CLANG_WARN_CONSTANT_CONVERSION = YES;
				CLANG_WARN_DIRECT_OBJC_ISA_USAGE = YES_ERROR;
				CLANG_WARN_EMPTY_BODY = YES;
				CLANG_WARN_ENUM_CONVERSION = YES;
				CLANG_WARN_INT_CONVERSION = YES;
				CLANG_WARN_OBJC_ROOT_CLASS = YES_ERROR;
				CLANG_WARN_UNREACHABLE_CODE = YES;
				CLANG_WARN__DUPLICATE_METHOD_MATCH = YES;
				COPY_PHASE_STRIP = NO;
				DEBUG_INFORMATION_FORMAT = dwarf;
				ENABLE_STRICT_OBJC_MSGSEND = YES;
				ENABLE_TESTABILITY = YES;
				GCC_C_LANGUAGE_STANDARD = gnu99;
				GCC_DYNAMIC_NO_PIC = NO;
				GCC_NO_COMMON_BLOCKS = YES;
				GCC_OPTIMIZATION_LEVEL = 0;
				GCC_PREPROCESSOR_DEFINITIONS = (
					"DEBUG=1",
					"$(inherited)",
				);
				GCC_SYMBOLS_PRIVATE_EXTERN = NO;
				GCC_WARN_64_TO_32_BIT_CONVERSION = YES;
				GCC_WARN_ABOUT_RETURN_TYPE = YES_ERROR;
				GCC_WARN_UNDECLARED_SELECTOR = YES;
				GCC_WARN_UNINITIALIZED_AUTOS = YES_AGGRESSIVE;
				GCC_WARN_UNUSED_FUNCTION = YES;
				GCC_WARN_UNUSED_VARIABLE = YES;
				MACOSX_DEPLOYMENT_TARGET = 10.10;
				MTL_ENABLE_DEBUG_INFO = YES;
				ONLY_ACTIVE_ARCH = YES;
				SDKROOT = macosx;
			};
			name = Debug;
		};
		78EE10DD1B05F8B9005D188F /* Release */ = {
			isa = XCBuildConfiguration;
			buildSettings = {
				ALWAYS_SEARCH_USER_PATHS = NO;
				CLANG_CXX_LANGUAGE_STANDARD = "gnu++0x";
				CLANG_CXX_LIBRARY = "libc++";
				CLANG_ENABLE_MODULES = YES;
				CLANG_ENABLE_OBJC_ARC = NO;
				CLANG_WARN_BOOL_CONVERSION = YES;
				CLANG_WARN_CONSTANT_CONVERSION = YES;
				CLANG_WARN_DIRECT_OBJC_ISA_USAGE = YES_ERROR;
				CLANG_WARN_EMPTY_BODY = YES;
				CLANG_WARN_ENUM_CONVERSION = YES;
				CLANG_WARN_INT_CONVERSION = YES;
				CLANG_WARN_OBJC_ROOT_CLASS = YES_ERROR;
				CLANG_WARN_UNREACHABLE_CODE = YES;
				CLANG_WARN__DUPLICATE_METHOD_MATCH = YES;
				COPY_PHASE_STRIP = NO;
				DEBUG_INFORMATION_FORMAT = "dwarf-with-dsym";
				ENABLE_NS_ASSERTIONS = NO;
				ENABLE_STRICT_OBJC_MSGSEND = YES;
				GCC_C_LANGUAGE_STANDARD = gnu99;
				GCC_NO_COMMON_BLOCKS = YES;
				GCC_WARN_64_TO_32_BIT_CONVERSION = YES;
				GCC_WARN_ABOUT_RETURN_TYPE = YES_ERROR;
				GCC_WARN_UNDECLARED_SELECTOR = YES;
				GCC_WARN_UNINITIALIZED_AUTOS = YES_AGGRESSIVE;
				GCC_WARN_UNUSED_FUNCTION = YES;
				GCC_WARN_UNUSED_VARIABLE = YES;
				MACOSX_DEPLOYMENT_TARGET = 10.10;
				MTL_ENABLE_DEBUG_INFO = NO;
				SDKROOT = macosx;
			};
			name = Release;
		};
		78EE10DF1B05F8B9005D188F /* Debug */ = {
			isa = XCBuildConfiguration;
			buildSettings = {
				PRODUCT_NAME = "$(TARGET_NAME)";
			};
			name = Debug;
		};
		78EE10E01B05F8B9005D188F /* Release */ = {
			isa = XCBuildConfiguration;
			buildSettings = {
				PRODUCT_NAME = "$(TARGET_NAME)";
			};
			name = Release;
		};
/* End XCBuildConfiguration section */

/* Begin XCConfigurationList section */
		78EE10D21B05F8B9005D188F /* Build configuration list for PBXProject "测试输出" */ = {
			isa = XCConfigurationList;
			buildConfigurations = (
				78EE10DC1B05F8B9005D188F /* Debug */,
				78EE10DD1B05F8B9005D188F /* Release */,
			);
			defaultConfigurationIsVisible = 0;
			defaultConfigurationName = Release;
		};
		78EE10DE1B05F8B9005D188F /* Build configuration list for PBXNativeTarget "测试输出" */ = {
			isa = XCConfigurationList;
			buildConfigurations = (
				78EE10DF1B05F8B9005D188F /* Debug */,
				78EE10E01B05F8B9005D188F /* Release */,
			);
			defaultConfigurationIsVisible = 0;
			defaultConfigurationName = Release;
		};
/* End XCConfigurationList section */
	};
	rootObject = 78EE10CF1B05F8B9005D188F /* Project object */;
}
